// !$*UTF8*$!
{
	archiveVersion = 1;
	classes = {
	};
	objectVersion = 55;
	objects = {

/* Begin PBXBuildFile section */
		A5AF12C82888385700D7F7E9 /* TrekrApp.swift in Sources */ = {isa = PBXBuildFile; fileRef = A5AF12C72888385700D7F7E9 /* TrekrApp.swift */; };
		A5AF12CA2888385700D7F7E9 /* ContentView.swift in Sources */ = {isa = PBXBuildFile; fileRef = A5AF12C92888385700D7F7E9 /* ContentView.swift */; };
		A5AF12CC2888385900D7F7E9 /* Assets.xcassets in Resources */ = {isa = PBXBuildFile; fileRef = A5AF12CB2888385900D7F7E9 /* Assets.xcassets */; };
		A5AF12CF2888385900D7F7E9 /* Preview Assets.xcassets in Resources */ = {isa = PBXBuildFile; fileRef = A5AF12CE2888385900D7F7E9 /* Preview Assets.xcassets */; };
		A5AF12D728883AC400D7F7E9 /* tips.json in Resources */ = {isa = PBXBuildFile; fileRef = A5AF12D528883AC400D7F7E9 /* tips.json */; };
		A5AF12D828883AC400D7F7E9 /* locations.json in Resources */ = {isa = PBXBuildFile; fileRef = A5AF12D628883AC400D7F7E9 /* locations.json */; };
		A5AF12DA28884E2A00D7F7E9 /* Location.swift in Sources */ = {isa = PBXBuildFile; fileRef = A5AF12D928884E2A00D7F7E9 /* Location.swift */; };
		A5AF12DC2888538800D7F7E9 /* Locations.swift in Sources */ = {isa = PBXBuildFile; fileRef = A5AF12DB2888538800D7F7E9 /* Locations.swift */; };
		A5AF12E428885C8200D7F7E9 /* WorldView.swift in Sources */ = {isa = PBXBuildFile; fileRef = A5AF12E328885C8200D7F7E9 /* WorldView.swift */; };
		A5AF12E628889AA000D7F7E9 /* Tip.swift in Sources */ = {isa = PBXBuildFile; fileRef = A5AF12E528889AA000D7F7E9 /* Tip.swift */; };
		A5AF12E82888A07900D7F7E9 /* TipsView.swift in Sources */ = {isa = PBXBuildFile; fileRef = A5AF12E72888A07900D7F7E9 /* TipsView.swift */; };
/* End PBXBuildFile section */

/* Begin PBXFileReference section */
		A5AF12C42888385700D7F7E9 /* Trekr.app */ = {isa = PBXFileReference; explicitFileType = wrapper.application; includeInIndex = 0; path = Trekr.app; sourceTree = BUILT_PRODUCTS_DIR; };
		A5AF12C72888385700D7F7E9 /* TrekrApp.swift */ = {isa = PBXFileReference; lastKnownFileType = sourcecode.swift; path = TrekrApp.swift; sourceTree = "<group>"; };
		A5AF12C92888385700D7F7E9 /* ContentView.swift */ = {isa = PBXFileReference; lastKnownFileType = sourcecode.swift; path = ContentView.swift; sourceTree = "<group>"; };
		A5AF12CB2888385900D7F7E9 /* Assets.xcassets */ = {isa = PBXFileReference; lastKnownFileType = folder.assetcatalog; path = Assets.xcassets; sourceTree = "<group>"; };
		A5AF12CE2888385900D7F7E9 /* Preview Assets.xcassets */ = {isa = PBXFileReference; lastKnownFileType = folder.assetcatalog; path = "Preview Assets.xcassets"; sourceTree = "<group>"; };
		A5AF12D528883AC400D7F7E9 /* tips.json */ = {isa = PBXFileReference; fileEncoding = 4; lastKnownFileType = text.json; path = tips.json; sourceTree = "<group>"; };
		A5AF12D628883AC400D7F7E9 /* locations.json */ = {isa = PBXFileReference; fileEncoding = 4; lastKnownFileType = text.json; path = locations.json; sourceTree = "<group>"; };
		A5AF12D928884E2A00D7F7E9 /* Location.swift */ = {isa = PBXFileReference; lastKnownFileType = sourcecode.swift; path = Location.swift; sourceTree = "<group>"; };
		A5AF12DB2888538800D7F7E9 /* Locations.swift */ = {isa = PBXFileReference; lastKnownFileType = sourcecode.swift; path = Locations.swift; sourceTree = "<group>"; };
		A5AF12E328885C8200D7F7E9 /* WorldView.swift */ = {isa = PBXFileReference; lastKnownFileType = sourcecode.swift; path = WorldView.swift; sourceTree = "<group>"; };
		A5AF12E528889AA000D7F7E9 /* Tip.swift */ = {isa = PBXFileReference; lastKnownFileType = sourcecode.swift; path = Tip.swift; sourceTree = "<group>"; };
		A5AF12E72888A07900D7F7E9 /* TipsView.swift */ = {isa = PBXFileReference; lastKnownFileType = sourcecode.swift; path = TipsView.swift; sourceTree = "<group>"; };
/* End PBXFileReference section */

/* Begin PBXFrameworksBuildPhase section */
		A5AF12C12888385700D7F7E9 /* Frameworks */ = {
			isa = PBXFrameworksBuildPhase;
			buildActionMask = 2147483647;
			files = (
			);
			runOnlyForDeploymentPostprocessing = 0;
		};
/* End PBXFrameworksBuildPhase section */

/* Begin PBXGroup section */
		A5AF12BB2888385700D7F7E9 = {
			isa = PBXGroup;
			children = (
				A5AF12C62888385700D7F7E9 /* Trekr */,
				A5AF12C52888385700D7F7E9 /* Products */,
			);
			sourceTree = "<group>";
		};
		A5AF12C52888385700D7F7E9 /* Products */ = {
			isa = PBXGroup;
			children = (
				A5AF12C42888385700D7F7E9 /* Trekr.app */,
			);
			name = Products;
			sourceTree = "<group>";
		};
		A5AF12C62888385700D7F7E9 /* Trekr */ = {
			isa = PBXGroup;
			children = (
				A5AF12E228885BD700D7F7E9 /* Views */,
				A5AF12E128885BCD00D7F7E9 /* Logic */,
				A5AF12E028885BC000D7F7E9 /* Models */,
				A5AF12DD28885B8E00D7F7E9 /* Resources */,
				A5AF12CD2888385900D7F7E9 /* Preview Content */,
			);
			path = Trekr;
			sourceTree = "<group>";
		};
		A5AF12CD2888385900D7F7E9 /* Preview Content */ = {
			isa = PBXGroup;
			children = (
				A5AF12CE2888385900D7F7E9 /* Preview Assets.xcassets */,
			);
			path = "Preview Content";
			sourceTree = "<group>";
		};
		A5AF12DD28885B8E00D7F7E9 /* Resources */ = {
			isa = PBXGroup;
			children = (
				A5AF12D628883AC400D7F7E9 /* locations.json */,
				A5AF12D528883AC400D7F7E9 /* tips.json */,
				A5AF12CB2888385900D7F7E9 /* Assets.xcassets */,
			);
			path = Resources;
			sourceTree = "<group>";
		};
		A5AF12E028885BC000D7F7E9 /* Models */ = {
			isa = PBXGroup;
			children = (
				A5AF12D928884E2A00D7F7E9 /* Location.swift */,
				A5AF12E528889AA000D7F7E9 /* Tip.swift */,
			);
			path = Models;
			sourceTree = "<group>";
		};
		A5AF12E128885BCD00D7F7E9 /* Logic */ = {
			isa = PBXGroup;
			children = (
				A5AF12DB2888538800D7F7E9 /* Locations.swift */,
			);
			path = Logic;
			sourceTree = "<group>";
		};
		A5AF12E228885BD700D7F7E9 /* Views */ = {
			isa = PBXGroup;
			children = (
				A5AF12C92888385700D7F7E9 /* ContentView.swift */,
				A5AF12C72888385700D7F7E9 /* TrekrApp.swift */,
				A5AF12E328885C8200D7F7E9 /* WorldView.swift */,
				A5AF12E72888A07900D7F7E9 /* TipsView.swift */,
			);
			path = Views;
			sourceTree = "<group>";
		};
/* End PBXGroup section */

/* Begin PBXNativeTarget section */
		A5AF12C32888385700D7F7E9 /* Trekr */ = {
			isa = PBXNativeTarget;
			buildConfigurationList = A5AF12D22888385900D7F7E9 /* Build configuration list for PBXNativeTarget "Trekr" */;
			buildPhases = (
				A5AF12C02888385700D7F7E9 /* Sources */,
				A5AF12C12888385700D7F7E9 /* Frameworks */,
				A5AF12C22888385700D7F7E9 /* Resources */,
			);
			buildRules = (
			);
			dependencies = (
			);
			name = Trekr;
			productName = Trekr;
			productReference = A5AF12C42888385700D7F7E9 /* Trekr.app */;
			productType = "com.apple.product-type.application";
		};
/* End PBXNativeTarget section */

/* Begin PBXProject section */
		A5AF12BC2888385700D7F7E9 /* Project object */ = {
			isa = PBXProject;
			attributes = {
				BuildIndependentTargetsInParallel = 1;
				LastSwiftUpdateCheck = 1340;
				LastUpgradeCheck = 1340;
				TargetAttributes = {
					A5AF12C32888385700D7F7E9 = {
						CreatedOnToolsVersion = 13.4.1;
					};
				};
			};
			buildConfigurationList = A5AF12BF2888385700D7F7E9 /* Build configuration list for PBXProject "Trekr" */;
			compatibilityVersion = "Xcode 13.0";
			developmentRegion = en;
			hasScannedForEncodings = 0;
			knownRegions = (
				en,
				Base,
			);
			mainGroup = A5AF12BB2888385700D7F7E9;
			productRefGroup = A5AF12C52888385700D7F7E9 /* Products */;
			projectDirPath = "";
			projectRoot = "";
			targets = (
				A5AF12C32888385700D7F7E9 /* Trekr */,
			);
		};
/* End PBXProject section */

/* Begin PBXResourcesBuildPhase section */
		A5AF12C22888385700D7F7E9 /* Resources */ = {
			isa = PBXResourcesBuildPhase;
			buildActionMask = 2147483647;
			files = (
				A5AF12CF2888385900D7F7E9 /* Preview Assets.xcassets in Resources */,
				A5AF12CC2888385900D7F7E9 /* Assets.xcassets in Resources */,
				A5AF12D828883AC400D7F7E9 /* locations.json in Resources */,
				A5AF12D728883AC400D7F7E9 /* tips.json in Resources */,
			);
			runOnlyForDeploymentPostprocessing = 0;
		};
/* End PBXResourcesBuildPhase section */

/* Begin PBXSourcesBuildPhase section */
		A5AF12C02888385700D7F7E9 /* Sources */ = {
			isa = PBXSourcesBuildPhase;
			buildActionMask = 2147483647;
			files = (
				A5AF12CA2888385700D7F7E9 /* ContentView.swift in Sources */,
				A5AF12DA28884E2A00D7F7E9 /* Location.swift in Sources */,
				A5AF12E428885C8200D7F7E9 /* WorldView.swift in Sources */,
				A5AF12E628889AA000D7F7E9 /* Tip.swift in Sources */,
				A5AF12E82888A07900D7F7E9 /* TipsView.swift in Sources */,
				A5AF12DC2888538800D7F7E9 /* Locations.swift in Sources */,
				A5AF12C82888385700D7F7E9 /* TrekrApp.swift in Sources */,
			);
			runOnlyForDeploymentPostprocessing = 0;
		};
/* End PBXSourcesBuildPhase section */

/* Begin XCBuildConfiguration section */
		A5AF12D02888385900D7F7E9 /* Debug */ = {
			isa = XCBuildConfiguration;
			buildSettings = {
				ALWAYS_SEARCH_USER_PATHS = NO;
				CLANG_ANALYZER_NONNULL = YES;
				CLANG_ANALYZER_NUMBER_OBJECT_CONVERSION = YES_AGGRESSIVE;
				CLANG_CXX_LANGUAGE_STANDARD = "gnu++17";
				CLANG_ENABLE_MODULES = YES;
				CLANG_ENABLE_OBJC_ARC = YES;
				CLANG_ENABLE_OBJC_WEAK = YES;
				CLANG_WARN_BLOCK_CAPTURE_AUTORELEASING = YES;
				CLANG_WARN_BOOL_CONVERSION = YES;
				CLANG_WARN_COMMA = YES;
				CLANG_WARN_CONSTANT_CONVERSION = YES;
				CLANG_WARN_DEPRECATED_OBJC_IMPLEMENTATIONS = YES;
				CLANG_WARN_DIRECT_OBJC_ISA_USAGE = YES_ERROR;
				CLANG_WARN_DOCUMENTATION_COMMENTS = YES;
				CLANG_WARN_EMPTY_BODY = YES;
				CLANG_WARN_ENUM_CONVERSION = YES;
				CLANG_WARN_INFINITE_RECURSION = YES;
				CLANG_WARN_INT_CONVERSION = YES;
				CLANG_WARN_NON_LITERAL_NULL_CONVERSION = YES;
				CLANG_WARN_OBJC_IMPLICIT_RETAIN_SELF = YES;
				CLANG_WARN_OBJC_LITERAL_CONVERSION = YES;
				CLANG_WARN_OBJC_ROOT_CLASS = YES_ERROR;
				CLANG_WARN_QUOTED_INCLUDE_IN_FRAMEWORK_HEADER = YES;
				CLANG_WARN_RANGE_LOOP_ANALYSIS = YES;
				CLANG_WARN_STRICT_PROTOTYPES = YES;
				CLANG_WARN_SUSPICIOUS_MOVE = YES;
				CLANG_WARN_UNGUARDED_AVAILABILITY = YES_AGGRESSIVE;
				CLANG_WARN_UNREACHABLE_CODE = YES;
				CLANG_WARN__DUPLICATE_METHOD_MATCH = YES;
				COPY_PHASE_STRIP = NO;
				DEBUG_INFORMATION_FORMAT = dwarf;
				ENABLE_STRICT_OBJC_MSGSEND = YES;
				ENABLE_TESTABILITY = YES;
				GCC_C_LANGUAGE_STANDARD = gnu11;
				GCC_DYNAMIC_NO_PIC = NO;
				GCC_NO_COMMON_BLOCKS = YES;
				GCC_OPTIMIZATION_LEVEL = 0;
				GCC_PREPROCESSOR_DEFINITIONS = (
					"DEBUG=1",
					"$(inherited)",
				);
				GCC_WARN_64_TO_32_BIT_CONVERSION = YES;
				GCC_WARN_ABOUT_RETURN_TYPE = YES_ERROR;
				GCC_WARN_UNDECLARED_SELECTOR = YES;
				GCC_WARN_UNINITIALIZED_AUTOS = YES_AGGRESSIVE;
				GCC_WARN_UNUSED_FUNCTION = YES;
				GCC_WARN_UNUSED_VARIABLE = YES;
				IPHONEOS_DEPLOYMENT_TARGET = 15.5;
				MTL_ENABLE_DEBUG_INFO = INCLUDE_SOURCE;
				MTL_FAST_MATH = YES;
				ONLY_ACTIVE_ARCH = YES;
				SDKROOT = iphoneos;
				SWIFT_ACTIVE_COMPILATION_CONDITIONS = DEBUG;
				SWIFT_OPTIMIZATION_LEVEL = "-Onone";
			};
			name = Debug;
		};
		A5AF12D12888385900D7F7E9 /* Release */ = {
			isa = XCBuildConfiguration;
			buildSettings = {
				ALWAYS_SEARCH_USER_PATHS = NO;
				CLANG_ANALYZER_NONNULL = YES;
				CLANG_ANALYZER_NUMBER_OBJECT_CONVERSION = YES_AGGRESSIVE;
				CLANG_CXX_LANGUAGE_STANDARD = "gnu++17";
				CLANG_ENABLE_MODULES = YES;
				CLANG_ENABLE_OBJC_ARC = YES;
				CLANG_ENABLE_OBJC_WEAK = YES;
				CLANG_WARN_BLOCK_CAPTURE_AUTORELEASING = YES;
				CLANG_WARN_BOOL_CONVERSION = YES;
				CLANG_WARN_COMMA = YES;
				CLANG_WARN_CONSTANT_CONVERSION = YES;
				CLANG_WARN_DEPRECATED_OBJC_IMPLEMENTATIONS = YES;
				CLANG_WARN_DIRECT_OBJC_ISA_USAGE = YES_ERROR;
				CLANG_WARN_DOCUMENTATION_COMMENTS = YES;
				CLANG_WARN_EMPTY_BODY = YES;
				CLANG_WARN_ENUM_CONVERSION = YES;
				CLANG_WARN_INFINITE_RECURSION = YES;
				CLANG_WARN_INT_CONVERSION = YES;
				CLANG_WARN_NON_LITERAL_NULL_CONVERSION = YES;
				CLANG_WARN_OBJC_IMPLICIT_RETAIN_SELF = YES;
				CLANG_WARN_OBJC_LITERAL_CONVERSION = YES;
				CLANG_WARN_OBJC_ROOT_CLASS = YES_ERROR;
				CLANG_WARN_QUOTED_INCLUDE_IN_FRAMEWORK_HEADER = YES;
				CLANG_WARN_RANGE_LOOP_ANALYSIS = YES;
				CLANG_WARN_STRICT_PROTOTYPES = YES;
				CLANG_WARN_SUSPICIOUS_MOVE = YES;
				CLANG_WARN_UNGUARDED_AVAILABILITY = YES_AGGRESSIVE;
				CLANG_WARN_UNREACHABLE_CODE = YES;
				CLANG_WARN__DUPLICATE_METHOD_MATCH = YES;
				COPY_PHASE_STRIP = NO;
				DEBUG_INFORMATION_FORMAT = "dwarf-with-dsym";
				ENABLE_NS_ASSERTIONS = NO;
				ENABLE_STRICT_OBJC_MSGSEND = YES;
				GCC_C_LANGUAGE_STANDARD = gnu11;
				GCC_NO_COMMON_BLOCKS = YES;
				GCC_WARN_64_TO_32_BIT_CONVERSION = YES;
				GCC_WARN_ABOUT_RETURN_TYPE = YES_ERROR;
				GCC_WARN_UNDECLARED_SELECTOR = YES;
				GCC_WARN_UNINITIALIZED_AUTOS = YES_AGGRESSIVE;
				GCC_WARN_UNUSED_FUNCTION = YES;
				GCC_WARN_UNUSED_VARIABLE = YES;
				IPHONEOS_DEPLOYMENT_TARGET = 15.5;
				MTL_ENABLE_DEBUG_INFO = NO;
				MTL_FAST_MATH = YES;
				SDKROOT = iphoneos;
				SWIFT_COMPILATION_MODE = wholemodule;
				SWIFT_OPTIMIZATION_LEVEL = "-O";
				VALIDATE_PRODUCT = YES;
			};
			name = Release;
		};
		A5AF12D32888385900D7F7E9 /* Debug */ = {
			isa = XCBuildConfiguration;
			buildSettings = {
				ASSETCATALOG_COMPILER_APPICON_NAME = AppIcon;
				ASSETCATALOG_COMPILER_GLOBAL_ACCENT_COLOR_NAME = AccentColor;
				CODE_SIGN_STYLE = Automatic;
				CURRENT_PROJECT_VERSION = 1;
				DEVELOPMENT_ASSET_PATHS = "\"Trekr/Preview Content\"";
				DEVELOPMENT_TEAM = R5K8L56F25;
				ENABLE_PREVIEWS = YES;
				GENERATE_INFOPLIST_FILE = YES;
				INFOPLIST_KEY_UIApplicationSceneManifest_Generation = YES;
				INFOPLIST_KEY_UIApplicationSupportsIndirectInputEvents = YES;
				INFOPLIST_KEY_UILaunchScreen_Generation = YES;
				INFOPLIST_KEY_UISupportedInterfaceOrientations_iPad = "UIInterfaceOrientationPortrait UIInterfaceOrientationPortraitUpsideDown UIInterfaceOrientationLandscapeLeft UIInterfaceOrientationLandscapeRight";
				INFOPLIST_KEY_UISupportedInterfaceOrientations_iPhone = "UIInterfaceOrientationPortrait UIInterfaceOrientationLandscapeLeft UIInterfaceOrientationLandscapeRight";
				LD_RUNPATH_SEARCH_PATHS = (
					"$(inherited)",
					"@executable_path/Frameworks",
				);
				MARKETING_VERSION = 1.0;
				PRODUCT_BUNDLE_IDENTIFIER = "nicolo-belcastro.Trekr";
				PRODUCT_NAME = "$(TARGET_NAME)";
				SWIFT_EMIT_LOC_STRINGS = YES;
				SWIFT_VERSION = 5.0;
				TARGETED_DEVICE_FAMILY = "1,2";
			};
			name = Debug;
		};
		A5AF12D42888385900D7F7E9 /* Release */ = {
			isa = XCBuildConfiguration;
			buildSettings = {
				ASSETCATALOG_COMPILER_APPICON_NAME = AppIcon;
				ASSETCATALOG_COMPILER_GLOBAL_ACCENT_COLOR_NAME = AccentColor;
				CODE_SIGN_STYLE = Automatic;
				CURRENT_PROJECT_VERSION = 1;
				DEVELOPMENT_ASSET_PATHS = "\"Trekr/Preview Content\"";
				DEVELOPMENT_TEAM = R5K8L56F25;
				ENABLE_PREVIEWS = YES;
				GENERATE_INFOPLIST_FILE = YES;
				INFOPLIST_KEY_UIApplicationSceneManifest_Generation = YES;
				INFOPLIST_KEY_UIApplicationSupportsIndirectInputEvents = YES;
				INFOPLIST_KEY_UILaunchScreen_Generation = YES;
				INFOPLIST_KEY_UISupportedInterfaceOrientations_iPad = "UIInterfaceOrientationPortrait UIInterfaceOrientationPortraitUpsideDown UIInterfaceOrientationLandscapeLeft UIInterfaceOrientationLandscapeRight";
				INFOPLIST_KEY_UISupportedInterfaceOrientations_iPhone = "UIInterfaceOrientationPortrait UIInterfaceOrientationLandscapeLeft UIInterfaceOrientationLandscapeRight";
				LD_RUNPATH_SEARCH_PATHS = (
					"$(inherited)",
					"@executable_path/Frameworks",
				);
				MARKETING_VERSION = 1.0;
				PRODUCT_BUNDLE_IDENTIFIER = "nicolo-belcastro.Trekr";
				PRODUCT_NAME = "$(TARGET_NAME)";
				SWIFT_EMIT_LOC_STRINGS = YES;
				SWIFT_VERSION = 5.0;
				TARGETED_DEVICE_FAMILY = "1,2";
			};
			name = Release;
		};
/* End XCBuildConfiguration section */

/* Begin XCConfigurationList section */
		A5AF12BF2888385700D7F7E9 /* Build configuration list for PBXProject "Trekr" */ = {
			isa = XCConfigurationList;
			buildConfigurations = (
				A5AF12D02888385900D7F7E9 /* Debug */,
				A5AF12D12888385900D7F7E9 /* Release */,
			);
			defaultConfigurationIsVisible = 0;
			defaultConfigurationName = Release;
		};
		A5AF12D22888385900D7F7E9 /* Build configuration list for PBXNativeTarget "Trekr" */ = {
			isa = XCConfigurationList;
			buildConfigurations = (
				A5AF12D32888385900D7F7E9 /* Debug */,
				A5AF12D42888385900D7F7E9 /* Release */,
			);
			defaultConfigurationIsVisible = 0;
			defaultConfigurationName = Release;
		};
/* End XCConfigurationList section */
	};
	rootObject = A5AF12BC2888385700D7F7E9 /* Project object */;
}
